
Microsoft Visual Studio Solution File, Format Version 12.00
# Visual Studio 15
VisualStudioVersion = 15.0.27703.2042
MinimumVisualStudioVersion = 10.0.40219.1
Project("{9A19103F-16F7-4668-BE54-9A1E7A4F7556}") = "SitesChecker.DataAccess", "src\SitesChecker.DataAccess\SitesChecker.DataAccess.csproj", "{3A363A7C-B870-4891-9CD8-ABC2D1998E40}"
EndProject
Project("{9A19103F-16F7-4668-BE54-9A1E7A4F7556}") = "SitesChecker.Tests", "src\SitesChecker.Tests\SitesChecker.Tests.csproj", "{87ABB20F-7CB1-4D16-B5AB-56148458FD1E}"
EndProject
Project("{9A19103F-16F7-4668-BE54-9A1E7A4F7556}") = "SitesChecker.App", "src\SitesChecker.App\SitesChecker.App.csproj", "{C5C25D2C-C0EC-4E5F-93D6-0A31095BBD45}"
EndProject
Project("{9A19103F-16F7-4668-BE54-9A1E7A4F7556}") = "SitesChecker.Core", "src\SitesChecker.Core\SitesChecker.Core.csproj", "{2EAE6AE9-1C0F-4BCC-807F-81F8831F0926}"
EndProject
Project("{9A19103F-16F7-4668-BE54-9A1E7A4F7556}") = "SitesChecker.Domain", "src\SitesChecker.Domain\SitesChecker.Domain.csproj", "{241185F1-8956-47A0-893B-08F8E350F3F2}"
EndProject
Project("{FAE04EC0-301F-11D3-BF4B-00C04F79EFBC}") = "SitesChecker.DbInit", "src\SitesChecker.DbInit\SitesChecker.DbInit.csproj", "{2503B20D-99C9-40BD-9DB7-EA7D99DD2338}"
EndProject
Global
	GlobalSection(SolutionConfigurationPlatforms) = preSolution
		Debug|Any CPU = Debug|Any CPU
		Release|Any CPU = Release|Any CPU
	EndGlobalSection
	GlobalSection(ProjectConfigurationPlatforms) = postSolution
		{3A363A7C-B870-4891-9CD8-ABC2D1998E40}.Debug|Any CPU.ActiveCfg = Debug|Any CPU
		{3A363A7C-B870-4891-9CD8-ABC2D1998E40}.Debug|Any CPU.Build.0 = Debug|Any CPU
		{3A363A7C-B870-4891-9CD8-ABC2D1998E40}.Release|Any CPU.ActiveCfg = Release|Any CPU
		{3A363A7C-B870-4891-9CD8-ABC2D1998E40}.Release|Any CPU.Build.0 = Release|Any CPU
		{87ABB20F-7CB1-4D16-B5AB-56148458FD1E}.Debug|Any CPU.ActiveCfg = Debug|Any CPU
		{87ABB20F-7CB1-4D16-B5AB-56148458FD1E}.Debug|Any CPU.Build.0 = Debug|Any CPU
		{87ABB20F-7CB1-4D16-B5AB-56148458FD1E}.Release|Any CPU.ActiveCfg = Release|Any CPU
		{87ABB20F-7CB1-4D16-B5AB-56148458FD1E}.Release|Any CPU.Build.0 = Release|Any CPU
		{C5C25D2C-C0EC-4E5F-93D6-0A31095BBD45}.Debug|Any CPU.ActiveCfg = Debug|Any CPU
		{C5C25D2C-C0EC-4E5F-93D6-0A31095BBD45}.Debug|Any CPU.Build.0 = Debug|Any CPU
		{C5C25D2C-C0EC-4E5F-93D6-0A31095BBD45}.Release|Any CPU.ActiveCfg = Release|Any CPU
		{C5C25D2C-C0EC-4E5F-93D6-0A31095BBD45}.Release|Any CPU.Build.0 = Release|Any CPU
		{2EAE6AE9-1C0F-4BCC-807F-81F8831F0926}.Debug|Any CPU.ActiveCfg = Debug|Any CPU
		{2EAE6AE9-1C0F-4BCC-807F-81F8831F0926}.Debug|Any CPU.Build.0 = Debug|Any CPU
		{2EAE6AE9-1C0F-4BCC-807F-81F8831F0926}.Release|Any CPU.ActiveCfg = Release|Any CPU
		{2EAE6AE9-1C0F-4BCC-807F-81F8831F0926}.Release|Any CPU.Build.0 = Release|Any CPU
		{241185F1-8956-47A0-893B-08F8E350F3F2}.Debug|Any CPU.ActiveCfg = Debug|Any CPU
		{241185F1-8956-47A0-893B-08F8E350F3F2}.Debug|Any CPU.Build.0 = Debug|Any CPU
		{241185F1-8956-47A0-893B-08F8E350F3F2}.Release|Any CPU.ActiveCfg = Release|Any CPU
		{241185F1-8956-47A0-893B-08F8E350F3F2}.Release|Any CPU.Build.0 = Release|Any CPU
		{2503B20D-99C9-40BD-9DB7-EA7D99DD2338}.Debug|Any CPU.ActiveCfg = Debug|Any CPU
		{2503B20D-99C9-40BD-9DB7-EA7D99DD2338}.Debug|Any CPU.Build.0 = Debug|Any CPU
		{2503B20D-99C9-40BD-9DB7-EA7D99DD2338}.Release|Any CPU.ActiveCfg = Release|Any CPU
		{2503B20D-99C9-40BD-9DB7-EA7D99DD2338}.Release|Any CPU.Build.0 = Release|Any CPU
	EndGlobalSection
	GlobalSection(SolutionProperties) = preSolution
		HideSolutionNode = FALSE
	EndGlobalSection
	GlobalSection(ExtensibilityGlobals) = postSolution
		SolutionGuid = {E2244A21-5334-47C1-BBAB-B24F4E7249E2}
	EndGlobalSection
EndGlobal
